
Microsoft Visual Studio Solution File, Format Version 12.00
# Visual Studio Version 16
VisualStudioVersion = 16.0.28922.388
MinimumVisualStudioVersion = 10.0.40219.1
Project("{9092AA53-FB77-4645-B42D-1CCCA6BD08BD}") = "hex", "hex.njsproj", "{67178E52-0B87-4E46-836E-20CC95B0B43C}"
EndProject
Global
	GlobalSection(SolutionConfigurationPlatforms) = preSolution
		Debug|Any CPU = Debug|Any CPU
		Release|Any CPU = Release|Any CPU
	EndGlobalSection
	GlobalSection(ProjectConfigurationPlatforms) = postSolution
		{67178E52-0B87-4E46-836E-20CC95B0B43C}.Debug|Any CPU.ActiveCfg = Debug|Any CPU
		{67178E52-0B87-4E46-836E-20CC95B0B43C}.Debug|Any CPU.Build.0 = Debug|Any CPU
		{67178E52-0B87-4E46-836E-20CC95B0B43C}.Release|Any CPU.ActiveCfg = Release|Any CPU
		{67178E52-0B87-4E46-836E-20CC95B0B43C}.Release|Any CPU.Build.0 = Release|Any CPU
	EndGlobalSection
	GlobalSection(SolutionProperties) = preSolution
		HideSolutionNode = FALSE
	EndGlobalSection
	GlobalSection(ExtensibilityGlobals) = postSolution
		SolutionGuid = {9A85CAB4-A83F-4D88-98FB-16FE8341EA2C}
	EndGlobalSection
EndGlobal
